
Microsoft Visual Studio Solution File, Format Version 12.00
# Visual Studio Version 16
VisualStudioVersion = 16.0.30611.23
MinimumVisualStudioVersion = 10.0.40219.1
Project("{FAE04EC0-301F-11D3-BF4B-00C04F79EFBC}") = "GabrielTest.API", "GabrielTest.API\GabrielTest.API.csproj", "{0106CB8A-54BD-4C4E-A0B4-F18FB179F358}"
EndProject
Project("{FAE04EC0-301F-11D3-BF4B-00C04F79EFBC}") = "GabrielTest.Core", "GabrielTest.Core\GabrielTest.Core.csproj", "{599621A0-FE21-4D64-A86C-997C392A6040}"
EndProject
Project("{FAE04EC0-301F-11D3-BF4B-00C04F79EFBC}") = "GabrielTest.Infrastructure", "GabrielTest.Infrastructure\GabrielTest.Infrastructure.csproj", "{355AB16C-64BB-493F-96E7-E092F6EC9FA7}"
EndProject
Global
	GlobalSection(SolutionConfigurationPlatforms) = preSolution
		Debug|Any CPU = Debug|Any CPU
		Release|Any CPU = Release|Any CPU
	EndGlobalSection
	GlobalSection(ProjectConfigurationPlatforms) = postSolution
		{0106CB8A-54BD-4C4E-A0B4-F18FB179F358}.Debug|Any CPU.ActiveCfg = Debug|Any CPU
		{0106CB8A-54BD-4C4E-A0B4-F18FB179F358}.Debug|Any CPU.Build.0 = Debug|Any CPU
		{0106CB8A-54BD-4C4E-A0B4-F18FB179F358}.Release|Any CPU.ActiveCfg = Release|Any CPU
		{0106CB8A-54BD-4C4E-A0B4-F18FB179F358}.Release|Any CPU.Build.0 = Release|Any CPU
		{599621A0-FE21-4D64-A86C-997C392A6040}.Debug|Any CPU.ActiveCfg = Debug|Any CPU
		{599621A0-FE21-4D64-A86C-997C392A6040}.Debug|Any CPU.Build.0 = Debug|Any CPU
		{599621A0-FE21-4D64-A86C-997C392A6040}.Release|Any CPU.ActiveCfg = Release|Any CPU
		{599621A0-FE21-4D64-A86C-997C392A6040}.Release|Any CPU.Build.0 = Release|Any CPU
		{355AB16C-64BB-493F-96E7-E092F6EC9FA7}.Debug|Any CPU.ActiveCfg = Debug|Any CPU
		{355AB16C-64BB-493F-96E7-E092F6EC9FA7}.Debug|Any CPU.Build.0 = Debug|Any CPU
		{355AB16C-64BB-493F-96E7-E092F6EC9FA7}.Release|Any CPU.ActiveCfg = Release|Any CPU
		{355AB16C-64BB-493F-96E7-E092F6EC9FA7}.Release|Any CPU.Build.0 = Release|Any CPU
	EndGlobalSection
	GlobalSection(SolutionProperties) = preSolution
		HideSolutionNode = FALSE
	EndGlobalSection
	GlobalSection(ExtensibilityGlobals) = postSolution
		SolutionGuid = {E2316DB2-9874-420F-961A-F4E5F4535165}
	EndGlobalSection
EndGlobal
